// !$*UTF8*$!
{
	archiveVersion = 1;
	classes = {
	};
	objectVersion = 46;
	objects = {

/* Begin PBXBuildFile section */
		848185B41A99883700B9B3A7 /* main.m in Sources */ = {isa = PBXBuildFile; fileRef = 848185B31A99883700B9B3A7 /* main.m */; };
/* End PBXBuildFile section */

/* Begin PBXCopyFilesBuildPhase section */
		848185AE1A99883700B9B3A7 /* CopyFiles */ = {
			isa = PBXCopyFilesBuildPhase;
			buildActionMask = 2147483647;
			dstPath = /usr/share/man/man1/;
			dstSubfolderSpec = 0;
			files = (
			);
			runOnlyForDeploymentPostprocessing = 1;
		};
/* End PBXCopyFilesBuildPhase section */

/* Begin PBXFileReference section */
		848185B01A99883700B9B3A7 /* iOS_Singapore_Feb */ = {isa = PBXFileReference; explicitFileType = "compiled.mach-o.executable"; includeInIndex = 0; path = iOS_Singapore_Feb; sourceTree = BUILT_PRODUCTS_DIR; };
		848185B31A99883700B9B3A7 /* main.m */ = {isa = PBXFileReference; lastKnownFileType = sourcecode.c.objc; path = main.m; sourceTree = "<group>"; };
/* End PBXFileReference section */

/* Begin PBXFrameworksBuildPhase section */
		848185AD1A99883700B9B3A7 /* Frameworks */ = {
			isa = PBXFrameworksBuildPhase;
			buildActionMask = 2147483647;
			files = (
			);
			runOnlyForDeploymentPostprocessing = 0;
		};
/* End PBXFrameworksBuildPhase section */

/* Begin PBXGroup section */
		848185A71A99883700B9B3A7 = {
			isa = PBXGroup;
			children = (
				848185B21A99883700B9B3A7 /* iOS_Singapore_Feb */,
				848185B11A99883700B9B3A7 /* Products */,
			);
			sourceTree = "<group>";
		};
		848185B11A99883700B9B3A7 /* Products */ = {
			isa = PBXGroup;
			children = (
				848185B01A99883700B9B3A7 /* iOS_Singapore_Feb */,
			);
			name = Products;
			sourceTree = "<group>";
		};
		848185B21A99883700B9B3A7 /* iOS_Singapore_Feb */ = {
			isa = PBXGroup;
			children = (
				848185B31A99883700B9B3A7 /* main.m */,
			);
			path = iOS_Singapore_Feb;
			sourceTree = "<group>";
		};
/* End PBXGroup section */

/* Begin PBXNativeTarget section */
		848185AF1A99883700B9B3A7 /* iOS_Singapore_Feb */ = {
			isa = PBXNativeTarget;
			buildConfigurationList = 848185B71A99883700B9B3A7 /* Build configuration list for PBXNativeTarget "iOS_Singapore_Feb" */;
			buildPhases = (
				848185AC1A99883700B9B3A7 /* Sources */,
				848185AD1A99883700B9B3A7 /* Frameworks */,
				848185AE1A99883700B9B3A7 /* CopyFiles */,
			);
			buildRules = (
			);
			dependencies = (
			);
			name = iOS_Singapore_Feb;
			productName = iOS_Singapore_Feb;
			productReference = 848185B01A99883700B9B3A7 /* iOS_Singapore_Feb */;
			productType = "com.apple.product-type.tool";
		};
/* End PBXNativeTarget section */

/* Begin PBXProject section */
		848185A81A99883700B9B3A7 /* Project object */ = {
			isa = PBXProject;
			attributes = {
				LastUpgradeCheck = 0610;
				ORGANIZATIONNAME = iKomp;
				TargetAttributes = {
					848185AF1A99883700B9B3A7 = {
						CreatedOnToolsVersion = 6.1;
					};
				};
			};
			buildConfigurationList = 848185AB1A99883700B9B3A7 /* Build configuration list for PBXProject "iOS_Singapore_Feb" */;
			compatibilityVersion = "Xcode 3.2";
			developmentRegion = English;
			hasScannedForEncodings = 0;
			knownRegions = (
				en,
			);
			mainGroup = 848185A71A99883700B9B3A7;
			productRefGroup = 848185B11A99883700B9B3A7 /* Products */;
			projectDirPath = "";
			projectRoot = "";
			targets = (
				848185AF1A99883700B9B3A7 /* iOS_Singapore_Feb */,
			);
		};
/* End PBXProject section */

/* Begin PBXSourcesBuildPhase section */
		848185AC1A99883700B9B3A7 /* Sources */ = {
			isa = PBXSourcesBuildPhase;
			buildActionMask = 2147483647;
			files = (
				848185B41A99883700B9B3A7 /* main.m in Sources */,
			);
			runOnlyForDeploymentPostprocessing = 0;
		};
/* End PBXSourcesBuildPhase section */

/* Begin XCBuildConfiguration section */
		848185B51A99883700B9B3A7 /* Debug */ = {
			isa = XCBuildConfiguration;
			buildSettings = {
				ALWAYS_SEARCH_USER_PATHS = NO;
				CLANG_CXX_LANGUAGE_STANDARD = "gnu++0x";
				CLANG_CXX_LIBRARY = "libc++";
				CLANG_ENABLE_MODULES = YES;
				CLANG_ENABLE_OBJC_ARC = YES;
				CLANG_WARN_BOOL_CONVERSION = YES;
				CLANG_WARN_CONSTANT_CONVERSION = YES;
				CLANG_WARN_DIRECT_OBJC_ISA_USAGE = YES_ERROR;
				CLANG_WARN_EMPTY_BODY = YES;
				CLANG_WARN_ENUM_CONVERSION = YES;
				CLANG_WARN_INT_CONVERSION = YES;
				CLANG_WARN_OBJC_ROOT_CLASS = YES_ERROR;
				CLANG_WARN_UNREACHABLE_CODE = YES;
				CLANG_WARN__DUPLICATE_METHOD_MATCH = YES;
				COPY_PHASE_STRIP = NO;
				ENABLE_STRICT_OBJC_MSGSEND = YES;
				GCC_C_LANGUAGE_STANDARD = gnu99;
				GCC_DYNAMIC_NO_PIC = NO;
				GCC_OPTIMIZATION_LEVEL = 0;
				GCC_PREPROCESSOR_DEFINITIONS = (
					"DEBUG=1",
					"$(inherited)",
				);
				GCC_SYMBOLS_PRIVATE_EXTERN = NO;
				GCC_WARN_64_TO_32_BIT_CONVERSION = YES;
				GCC_WARN_ABOUT_RETURN_TYPE = YES_ERROR;
				GCC_WARN_UNDECLARED_SELECTOR = YES;
				GCC_WARN_UNINITIALIZED_AUTOS = YES_AGGRESSIVE;
				GCC_WARN_UNUSED_FUNCTION = YES;
				GCC_WARN_UNUSED_VARIABLE = YES;
				MACOSX_DEPLOYMENT_TARGET = 10.10;
				MTL_ENABLE_DEBUG_INFO = YES;
				ONLY_ACTIVE_ARCH = YES;
				SDKROOT = macosx;
			};
			name = Debug;
		};
		848185B61A99883700B9B3A7 /* Release */ = {
			isa = XCBuildConfiguration;
			buildSettings = {
				ALWAYS_SEARCH_USER_PATHS = NO;
				CLANG_CXX_LANGUAGE_STANDARD = "gnu++0x";
				CLANG_CXX_LIBRARY = "libc++";
				CLANG_ENABLE_MODULES = YES;
				CLANG_ENABLE_OBJC_ARC = YES;
				CLANG_WARN_BOOL_CONVERSION = YES;
				CLANG_WARN_CONSTANT_CONVERSION = YES;
				CLANG_WARN_DIRECT_OBJC_ISA_USAGE = YES_ERROR;
				CLANG_WARN_EMPTY_BODY = YES;
				CLANG_WARN_ENUM_CONVERSION = YES;
				CLANG_WARN_INT_CONVERSION = YES;
				CLANG_WARN_OBJC_ROOT_CLASS = YES_ERROR;
				CLANG_WARN_UNREACHABLE_CODE = YES;
				CLANG_WARN__DUPLICATE_METHOD_MATCH = YES;
				COPY_PHASE_STRIP = YES;
				DEBUG_INFORMATION_FORMAT = "dwarf-with-dsym";
				ENABLE_NS_ASSERTIONS = NO;
				ENABLE_STRICT_OBJC_MSGSEND = YES;
				GCC_C_LANGUAGE_STANDARD = gnu99;
				GCC_WARN_64_TO_32_BIT_CONVERSION = YES;
				GCC_WARN_ABOUT_RETURN_TYPE = YES_ERROR;
				GCC_WARN_UNDECLARED_SELECTOR = YES;
				GCC_WARN_UNINITIALIZED_AUTOS = YES_AGGRESSIVE;
				GCC_WARN_UNUSED_FUNCTION = YES;
				GCC_WARN_UNUSED_VARIABLE = YES;
				MACOSX_DEPLOYMENT_TARGET = 10.10;
				MTL_ENABLE_DEBUG_INFO = NO;
				SDKROOT = macosx;
			};
			name = Release;
		};
		848185B81A99883700B9B3A7 /* Debug */ = {
			isa = XCBuildConfiguration;
			buildSettings = {
				PRODUCT_NAME = "$(TARGET_NAME)";
			};
			name = Debug;
		};
		848185B91A99883700B9B3A7 /* Release */ = {
			isa = XCBuildConfiguration;
			buildSettings = {
				PRODUCT_NAME = "$(TARGET_NAME)";
			};
			name = Release;
		};
/* End XCBuildConfiguration section */

/* Begin XCConfigurationList section */
		848185AB1A99883700B9B3A7 /* Build configuration list for PBXProject "iOS_Singapore_Feb" */ = {
			isa = XCConfigurationList;
			buildConfigurations = (
				848185B51A99883700B9B3A7 /* Debug */,
				848185B61A99883700B9B3A7 /* Release */,
			);
			defaultConfigurationIsVisible = 0;
			defaultConfigurationName = Release;
		};
		848185B71A99883700B9B3A7 /* Build configuration list for PBXNativeTarget "iOS_Singapore_Feb" */ = {
			isa = XCConfigurationList;
			buildConfigurations = (
				848185B81A99883700B9B3A7 /* Debug */,
				848185B91A99883700B9B3A7 /* Release */,
			);
			defaultConfigurationIsVisible = 0;
		};
/* End XCConfigurationList section */
	};
	rootObject = 848185A81A99883700B9B3A7 /* Project object */;
}
